
Microsoft Visual Studio Solution File, Format Version 12.00
Project("{FAE04EC0-301F-11D3-BF4B-00C04F79EFBC}") = "UI_MVC", "UI_MVC\UI_MVC.csproj", "{F40EB6B9-AEE2-4BE9-8A1F-1A3509874624}"
EndProject
Project("{FAE04EC0-301F-11D3-BF4B-00C04F79EFBC}") = "BL", "BL\BL.csproj", "{7D7CAEA2-9043-4856-A230-734FE8E89E2E}"
EndProject
Project("{FAE04EC0-301F-11D3-BF4B-00C04F79EFBC}") = "DAL", "DAL\DAL.csproj", "{571B50ED-C8E0-4FD9-8D91-E7DE6E664504}"
EndProject
Project("{FAE04EC0-301F-11D3-BF4B-00C04F79EFBC}") = "Domain", "Domain\Domain.csproj", "{0447708C-A606-4B3E-9B8F-6D93E1F3F6C3}"
EndProject
Global
	GlobalSection(SolutionConfigurationPlatforms) = preSolution
		Debug|Any CPU = Debug|Any CPU
		Release|Any CPU = Release|Any CPU
	EndGlobalSection
	GlobalSection(ProjectConfigurationPlatforms) = postSolution
		{F40EB6B9-AEE2-4BE9-8A1F-1A3509874624}.Debug|Any CPU.ActiveCfg = Debug|Any CPU
		{F40EB6B9-AEE2-4BE9-8A1F-1A3509874624}.Debug|Any CPU.Build.0 = Debug|Any CPU
		{F40EB6B9-AEE2-4BE9-8A1F-1A3509874624}.Release|Any CPU.ActiveCfg = Release|Any CPU
		{F40EB6B9-AEE2-4BE9-8A1F-1A3509874624}.Release|Any CPU.Build.0 = Release|Any CPU
		{7D7CAEA2-9043-4856-A230-734FE8E89E2E}.Debug|Any CPU.ActiveCfg = Debug|Any CPU
		{7D7CAEA2-9043-4856-A230-734FE8E89E2E}.Debug|Any CPU.Build.0 = Debug|Any CPU
		{7D7CAEA2-9043-4856-A230-734FE8E89E2E}.Release|Any CPU.ActiveCfg = Release|Any CPU
		{7D7CAEA2-9043-4856-A230-734FE8E89E2E}.Release|Any CPU.Build.0 = Release|Any CPU
		{571B50ED-C8E0-4FD9-8D91-E7DE6E664504}.Debug|Any CPU.ActiveCfg = Debug|Any CPU
		{571B50ED-C8E0-4FD9-8D91-E7DE6E664504}.Debug|Any CPU.Build.0 = Debug|Any CPU
		{571B50ED-C8E0-4FD9-8D91-E7DE6E664504}.Release|Any CPU.ActiveCfg = Release|Any CPU
		{571B50ED-C8E0-4FD9-8D91-E7DE6E664504}.Release|Any CPU.Build.0 = Release|Any CPU
		{0447708C-A606-4B3E-9B8F-6D93E1F3F6C3}.Debug|Any CPU.ActiveCfg = Debug|Any CPU
		{0447708C-A606-4B3E-9B8F-6D93E1F3F6C3}.Debug|Any CPU.Build.0 = Debug|Any CPU
		{0447708C-A606-4B3E-9B8F-6D93E1F3F6C3}.Release|Any CPU.ActiveCfg = Release|Any CPU
		{0447708C-A606-4B3E-9B8F-6D93E1F3F6C3}.Release|Any CPU.Build.0 = Release|Any CPU
	EndGlobalSection
EndGlobal
